// !$*UTF8*$!
{
	archiveVersion = 1;
	classes = {
	};
	objectVersion = 46;
	objects = {

/* Begin PBXBuildFile section */
		895A0239DC383A27605B067F /* AppDelegate.swift in Sources */ = {isa = PBXBuildFile; fileRef = 895A0C82EE0AC926033FBC4D /* AppDelegate.swift */; };
		895A06850296ED00178A5FAC /* ViewController.swift in Sources */ = {isa = PBXBuildFile; fileRef = 895A00202FA009017B85833D /* ViewController.swift */; };
		895A06FFFCB54EE2362F0D2A /* Assets.xcassets in Resources */ = {isa = PBXBuildFile; fileRef = 895A0BABA74FCFABF3F36642 /* Assets.xcassets */; };
		895A07CA934F70C1C03C0C28 /* LaunchScreen.storyboard in Resources */ = {isa = PBXBuildFile; fileRef = 895A0E1C3B54D6BC62E7EDCC /* LaunchScreen.storyboard */; };
		895A0CB9F3A061FD257A36EE /* Main.storyboard in Resources */ = {isa = PBXBuildFile; fileRef = 895A054855226DB709E9A160 /* Main.storyboard */; };
		895A0D65FDD61131BDF933D2 /* SceneDelegate.swift in Sources */ = {isa = PBXBuildFile; fileRef = 895A0DFE7E780F08925C12C9 /* SceneDelegate.swift */; };
		A674A4C823D315B200441117 /* UIImage+Extension.swift in Sources */ = {isa = PBXBuildFile; fileRef = A674A4C523D315B200441117 /* UIImage+Extension.swift */; };
		A674A4C923D315B200441117 /* HidableStepper.swift in Sources */ = {isa = PBXBuildFile; fileRef = A674A4C623D315B200441117 /* HidableStepper.swift */; };
		A674A4CA23D315B200441117 /* UIButton+Extension.swift in Sources */ = {isa = PBXBuildFile; fileRef = A674A4C723D315B200441117 /* UIButton+Extension.swift */; };
/* End PBXBuildFile section */

/* Begin PBXFileReference section */
		895A00202FA009017B85833D /* ViewController.swift */ = {isa = PBXFileReference; lastKnownFileType = sourcecode.swift; path = ViewController.swift; sourceTree = "<group>"; };
		895A037601E9A1B0A8878D95 /* HidableStepperExample.app */ = {isa = PBXFileReference; explicitFileType = wrapper.application; includeInIndex = 0; path = HidableStepperExample.app; sourceTree = BUILT_PRODUCTS_DIR; };
		895A07CB7E6AD11A1C844A90 /* Info.plist */ = {isa = PBXFileReference; lastKnownFileType = text.plist.info; path = Info.plist; sourceTree = "<group>"; };
		895A08EE94954AB4FCCE21F3 /* Base */ = {isa = PBXFileReference; lastKnownFileType = file.storyboard; name = Base; path = Base.lproj/Main.storyboard; sourceTree = "<group>"; };
		895A0BABA74FCFABF3F36642 /* Assets.xcassets */ = {isa = PBXFileReference; lastKnownFileType = folder.assetcatalog; path = Assets.xcassets; sourceTree = "<group>"; };
		895A0C82EE0AC926033FBC4D /* AppDelegate.swift */ = {isa = PBXFileReference; lastKnownFileType = sourcecode.swift; path = AppDelegate.swift; sourceTree = "<group>"; };
		895A0DFE7E780F08925C12C9 /* SceneDelegate.swift */ = {isa = PBXFileReference; lastKnownFileType = sourcecode.swift; path = SceneDelegate.swift; sourceTree = "<group>"; };
		895A0ED9B6E55914A53726AA /* Base */ = {isa = PBXFileReference; lastKnownFileType = file.storyboard; name = Base; path = Base.lproj/LaunchScreen.storyboard; sourceTree = "<group>"; };
		A674A4C523D315B200441117 /* UIImage+Extension.swift */ = {isa = PBXFileReference; fileEncoding = 4; lastKnownFileType = sourcecode.swift; path = "UIImage+Extension.swift"; sourceTree = "<group>"; };
		A674A4C623D315B200441117 /* HidableStepper.swift */ = {isa = PBXFileReference; fileEncoding = 4; lastKnownFileType = sourcecode.swift; path = HidableStepper.swift; sourceTree = "<group>"; };
		A674A4C723D315B200441117 /* UIButton+Extension.swift */ = {isa = PBXFileReference; fileEncoding = 4; lastKnownFileType = sourcecode.swift; path = "UIButton+Extension.swift"; sourceTree = "<group>"; };
/* End PBXFileReference section */

/* Begin PBXFrameworksBuildPhase section */
		895A0F2D3808770F1936BF99 /* Frameworks */ = {
			isa = PBXFrameworksBuildPhase;
			buildActionMask = 2147483647;
			files = (
			);
			runOnlyForDeploymentPostprocessing = 0;
		};
/* End PBXFrameworksBuildPhase section */

/* Begin PBXGroup section */
		895A0129C72F013F8D317E5B /* HidableStepperExample */ = {
			isa = PBXGroup;
			children = (
				895A07CB7E6AD11A1C844A90 /* Info.plist */,
				895A0BABA74FCFABF3F36642 /* Assets.xcassets */,
				895A0E1C3B54D6BC62E7EDCC /* LaunchScreen.storyboard */,
				895A0C82EE0AC926033FBC4D /* AppDelegate.swift */,
				895A0DFE7E780F08925C12C9 /* SceneDelegate.swift */,
				895A00202FA009017B85833D /* ViewController.swift */,
				A674A4C623D315B200441117 /* HidableStepper.swift */,
				A674A4C723D315B200441117 /* UIButton+Extension.swift */,
				A674A4C523D315B200441117 /* UIImage+Extension.swift */,
				895A054855226DB709E9A160 /* Main.storyboard */,
			);
			path = HidableStepperExample;
			sourceTree = "<group>";
		};
		895A078B1B0F09EC06F97DD9 = {
			isa = PBXGroup;
			children = (
				895A0D7867DE41B27DF1B58C /* Products */,
				895A0129C72F013F8D317E5B /* HidableStepperExample */,
			);
			sourceTree = "<group>";
		};
		895A0D7867DE41B27DF1B58C /* Products */ = {
			isa = PBXGroup;
			children = (
				895A037601E9A1B0A8878D95 /* HidableStepperExample.app */,
			);
			name = Products;
			sourceTree = "<group>";
		};
/* End PBXGroup section */

/* Begin PBXNativeTarget section */
		895A017E59BB8F81E602138A /* HidableStepperExample */ = {
			isa = PBXNativeTarget;
			buildConfigurationList = 895A0535370EE5C65C5EE14A /* Build configuration list for PBXNativeTarget "HidableStepperExample" */;
			buildPhases = (
				895A07352F4F9BDFF0575A50 /* Sources */,
				895A0F2D3808770F1936BF99 /* Frameworks */,
				895A04148C71CA9984D317FE /* Resources */,
			);
			buildRules = (
			);
			dependencies = (
			);
			name = HidableStepperExample;
			productName = AdditionStepper;
			productReference = 895A037601E9A1B0A8878D95 /* HidableStepperExample.app */;
			productType = "com.apple.product-type.application";
		};
/* End PBXNativeTarget section */

/* Begin PBXProject section */
		895A02D0423BB1D850209719 /* Project object */ = {
			isa = PBXProject;
			attributes = {
				ORGANIZATIONNAME = "Holografix Inc";
				TargetAttributes = {
					895A017E59BB8F81E602138A = {
						DevelopmentTeam = 8D69GAM5D6;
					};
				};
			};
			buildConfigurationList = 895A04D38CF4BF165A36CA58 /* Build configuration list for PBXProject "HidableStepperExample" */;
			compatibilityVersion = "Xcode 3.2";
			developmentRegion = English;
			hasScannedForEncodings = 0;
			knownRegions = (
				English,
				en,
				Base,
			);
			mainGroup = 895A078B1B0F09EC06F97DD9;
			productRefGroup = 895A0D7867DE41B27DF1B58C /* Products */;
			projectDirPath = "";
			projectRoot = "";
			targets = (
				895A017E59BB8F81E602138A /* HidableStepperExample */,
			);
		};
/* End PBXProject section */

/* Begin PBXResourcesBuildPhase section */
		895A04148C71CA9984D317FE /* Resources */ = {
			isa = PBXResourcesBuildPhase;
			buildActionMask = 2147483647;
			files = (
				895A06FFFCB54EE2362F0D2A /* Assets.xcassets in Resources */,
				895A07CA934F70C1C03C0C28 /* LaunchScreen.storyboard in Resources */,
				895A0CB9F3A061FD257A36EE /* Main.storyboard in Resources */,
			);
			runOnlyForDeploymentPostprocessing = 0;
		};
/* End PBXResourcesBuildPhase section */

/* Begin PBXSourcesBuildPhase section */
		895A07352F4F9BDFF0575A50 /* Sources */ = {
			isa = PBXSourcesBuildPhase;
			buildActionMask = 2147483647;
			files = (
				895A0239DC383A27605B067F /* AppDelegate.swift in Sources */,
				895A0D65FDD61131BDF933D2 /* SceneDelegate.swift in Sources */,
				895A06850296ED00178A5FAC /* ViewController.swift in Sources */,
				A674A4C923D315B200441117 /* HidableStepper.swift in Sources */,
				A674A4C823D315B200441117 /* UIImage+Extension.swift in Sources */,
				A674A4CA23D315B200441117 /* UIButton+Extension.swift in Sources */,
			);
			runOnlyForDeploymentPostprocessing = 0;
		};
/* End PBXSourcesBuildPhase section */

/* Begin PBXVariantGroup section */
		895A054855226DB709E9A160 /* Main.storyboard */ = {
			isa = PBXVariantGroup;
			children = (
				895A08EE94954AB4FCCE21F3 /* Base */,
			);
			name = Main.storyboard;
			sourceTree = "<group>";
		};
		895A0E1C3B54D6BC62E7EDCC /* LaunchScreen.storyboard */ = {
			isa = PBXVariantGroup;
			children = (
				895A0ED9B6E55914A53726AA /* Base */,
			);
			name = LaunchScreen.storyboard;
			sourceTree = "<group>";
		};
/* End PBXVariantGroup section */

/* Begin XCBuildConfiguration section */
		895A00768817F2A631A6EC8C /* Debug */ = {
			isa = XCBuildConfiguration;
			buildSettings = {
				ASSETCATALOG_COMPILER_APPICON_NAME = AppIcon;
				DEVELOPMENT_TEAM = 8D69GAM5D6;
				INFOPLIST_FILE = HidableStepperExample/Info.plist;
				LD_RUNPATH_SEARCH_PATHS = "$(inherited) @executable_path/Frameworks";
				PRODUCT_BUNDLE_IDENTIFIER = com.holografix.AdditionStepper;
				PRODUCT_NAME = "$(TARGET_NAME)";
				SWIFT_VERSION = 5.0;
				TARGETED_DEVICE_FAMILY = "1,2";
			};
			name = Debug;
		};
		895A04948BCB6542BBADCD31 /* Debug */ = {
			isa = XCBuildConfiguration;
			buildSettings = {
				ALWAYS_SEARCH_USER_PATHS = NO;
				CLANG_ANALYZER_NONNULL = YES;
				CLANG_ANALYZER_NUMBER_OBJECT_CONVERSION = YES_AGGRESSIVE;
				CLANG_CXX_LANGUAGE_STANDARD = "gnu++14";
				CLANG_CXX_LIBRARY = "libc++";
				CLANG_ENABLE_MODULES = YES;
				CLANG_ENABLE_OBJC_ARC = YES;
				CLANG_ENABLE_OBJC_WEAK = YES;
				CLANG_WARN_BLOCK_CAPTURE_AUTORELEASING = YES;
				CLANG_WARN_BOOL_CONVERSION = YES;
				CLANG_WARN_COMMA = YES;
				CLANG_WARN_CONSTANT_CONVERSION = YES;
				CLANG_WARN_DEPRECATED_OBJC_IMPLEMENTATIONS = YES;
				CLANG_WARN_DIRECT_OBJC_ISA_USAGE = YES_ERROR;
				CLANG_WARN_DOCUMENTATION_COMMENTS = YES;
				CLANG_WARN_EMPTY_BODY = YES;
				CLANG_WARN_ENUM_CONVERSION = YES;
				CLANG_WARN_INFINITE_RECURSION = YES;
				CLANG_WARN_INT_CONVERSION = YES;
				CLANG_WARN_NON_LITERAL_NULL_CONVERSION = YES;
				CLANG_WARN_OBJC_IMPLICIT_RETAIN_SELF = YES;
				CLANG_WARN_OBJC_LITERAL_CONVERSION = YES;
				CLANG_WARN_OBJC_ROOT_CLASS = YES_ERROR;
				CLANG_WARN_RANGE_LOOP_ANALYSIS = YES;
				CLANG_WARN_STRICT_PROTOTYPES = YES;
				CLANG_WARN_SUSPICIOUS_MOVE = YES;
				CLANG_WARN_UNGUARDED_AVAILABILITY = YES_AGGRESSIVE;
				CLANG_WARN_UNREACHABLE_CODE = YES;
				CLANG_WARN__DUPLICATE_METHOD_MATCH = YES;
				COPY_PHASE_STRIP = NO;
				DEBUG_INFORMATION_FORMAT = dwarf;
				ENABLE_STRICT_OBJC_MSGSEND = YES;
				ENABLE_TESTABILITY = YES;
				GCC_C_LANGUAGE_STANDARD = gnu11;
				GCC_DYNAMIC_NO_PIC = NO;
				GCC_NO_COMMON_BLOCKS = YES;
				GCC_OPTIMIZATION_LEVEL = 0;
				GCC_PREPROCESSOR_DEFINITIONS = (
					"DEBUG=1",
					"$(inherited)",
				);
				GCC_WARN_64_TO_32_BIT_CONVERSION = YES;
				GCC_WARN_ABOUT_RETURN_TYPE = YES_ERROR;
				GCC_WARN_UNDECLARED_SELECTOR = YES;
				GCC_WARN_UNINITIALIZED_AUTOS = YES_AGGRESSIVE;
				GCC_WARN_UNUSED_FUNCTION = YES;
				GCC_WARN_UNUSED_VARIABLE = YES;
				IPHONEOS_DEPLOYMENT_TARGET = 13.0;
				MTL_ENABLE_DEBUG_INFO = INCLUDE_SOURCE;
				MTL_FAST_MATH = YES;
				ONLY_ACTIVE_ARCH = YES;
				SDKROOT = iphoneos;
				SWIFT_ACTIVE_COMPILATION_CONDITIONS = DEBUG;
				SWIFT_OPTIMIZATION_LEVEL = "-Onone";
			};
			name = Debug;
		};
		895A04E8E8F7985A82040C82 /* Release */ = {
			isa = XCBuildConfiguration;
			buildSettings = {
				ASSETCATALOG_COMPILER_APPICON_NAME = AppIcon;
				DEVELOPMENT_TEAM = 8D69GAM5D6;
				INFOPLIST_FILE = HidableStepperExample/Info.plist;
				LD_RUNPATH_SEARCH_PATHS = "$(inherited) @executable_path/Frameworks";
				PRODUCT_BUNDLE_IDENTIFIER = com.holografix.AdditionStepper;
				PRODUCT_NAME = "$(TARGET_NAME)";
				SWIFT_VERSION = 5.0;
				TARGETED_DEVICE_FAMILY = "1,2";
			};
			name = Release;
		};
		895A0DB654C3610CC31175B3 /* Release */ = {
			isa = XCBuildConfiguration;
			buildSettings = {
				ALWAYS_SEARCH_USER_PATHS = NO;
				CLANG_ANALYZER_NONNULL = YES;
				CLANG_ANALYZER_NUMBER_OBJECT_CONVERSION = YES_AGGRESSIVE;
				CLANG_CXX_LANGUAGE_STANDARD = "gnu++14";
				CLANG_CXX_LIBRARY = "libc++";
				CLANG_ENABLE_MODULES = YES;
				CLANG_ENABLE_OBJC_ARC = YES;
				CLANG_ENABLE_OBJC_WEAK = YES;
				CLANG_WARN_BLOCK_CAPTURE_AUTORELEASING = YES;
				CLANG_WARN_BOOL_CONVERSION = YES;
				CLANG_WARN_COMMA = YES;
				CLANG_WARN_CONSTANT_CONVERSION = YES;
				CLANG_WARN_DEPRECATED_OBJC_IMPLEMENTATIONS = YES;
				CLANG_WARN_DIRECT_OBJC_ISA_USAGE = YES_ERROR;
				CLANG_WARN_DOCUMENTATION_COMMENTS = YES;
				CLANG_WARN_EMPTY_BODY = YES;
				CLANG_WARN_ENUM_CONVERSION = YES;
				CLANG_WARN_INFINITE_RECURSION = YES;
				CLANG_WARN_INT_CONVERSION = YES;
				CLANG_WARN_NON_LITERAL_NULL_CONVERSION = YES;
				CLANG_WARN_OBJC_IMPLICIT_RETAIN_SELF = YES;
				CLANG_WARN_OBJC_LITERAL_CONVERSION = YES;
				CLANG_WARN_OBJC_ROOT_CLASS = YES_ERROR;
				CLANG_WARN_RANGE_LOOP_ANALYSIS = YES;
				CLANG_WARN_STRICT_PROTOTYPES = YES;
				CLANG_WARN_SUSPICIOUS_MOVE = YES;
				CLANG_WARN_UNGUARDED_AVAILABILITY = YES_AGGRESSIVE;
				CLANG_WARN_UNREACHABLE_CODE = YES;
				CLANG_WARN__DUPLICATE_METHOD_MATCH = YES;
				COPY_PHASE_STRIP = NO;
				DEBUG_INFORMATION_FORMAT = "dwarf-with-dsym";
				ENABLE_NS_ASSERTIONS = NO;
				ENABLE_STRICT_OBJC_MSGSEND = YES;
				GCC_C_LANGUAGE_STANDARD = gnu11;
				GCC_NO_COMMON_BLOCKS = YES;
				GCC_WARN_64_TO_32_BIT_CONVERSION = YES;
				GCC_WARN_ABOUT_RETURN_TYPE = YES_ERROR;
				GCC_WARN_UNDECLARED_SELECTOR = YES;
				GCC_WARN_UNINITIALIZED_AUTOS = YES_AGGRESSIVE;
				GCC_WARN_UNUSED_FUNCTION = YES;
				GCC_WARN_UNUSED_VARIABLE = YES;
				IPHONEOS_DEPLOYMENT_TARGET = 13.0;
				MTL_ENABLE_DEBUG_INFO = NO;
				MTL_FAST_MATH = YES;
				SDKROOT = iphoneos;
				SWIFT_OPTIMIZATION_LEVEL = "-Owholemodule";
				VALIDATE_PRODUCT = YES;
			};
			name = Release;
		};
/* End XCBuildConfiguration section */

/* Begin XCConfigurationList section */
		895A04D38CF4BF165A36CA58 /* Build configuration list for PBXProject "HidableStepperExample" */ = {
			isa = XCConfigurationList;
			buildConfigurations = (
				895A04948BCB6542BBADCD31 /* Debug */,
				895A0DB654C3610CC31175B3 /* Release */,
			);
			defaultConfigurationIsVisible = 0;
			defaultConfigurationName = Release;
		};
		895A0535370EE5C65C5EE14A /* Build configuration list for PBXNativeTarget "HidableStepperExample" */ = {
			isa = XCConfigurationList;
			buildConfigurations = (
				895A00768817F2A631A6EC8C /* Debug */,
				895A04E8E8F7985A82040C82 /* Release */,
			);
			defaultConfigurationIsVisible = 0;
			defaultConfigurationName = Release;
		};
/* End XCConfigurationList section */
	};
	rootObject = 895A02D0423BB1D850209719 /* Project object */;
}
